
Microsoft Visual Studio Solution File, Format Version 12.00
# Visual Studio 14
VisualStudioVersion = 14.0.23107.0
MinimumVisualStudioVersion = 10.0.40219.1
Project("{FAE04EC0-301F-11D3-BF4B-00C04F79EFBC}") = "Diggity", "Diggity\Diggity.csproj", "{BA2C7BF6-923D-499D-99C5-3E3CEB4661FA}"
EndProject
Project("{FAE04EC0-301F-11D3-BF4B-00C04F79EFBC}") = "Diggity.Web", "Diggity.Web\Diggity.Web.csproj", "{3D4C99D0-B91F-403E-A2BC-1D41C1636717}"
EndProject
Project("{FAE04EC0-301F-11D3-BF4B-00C04F79EFBC}") = "Diggity.Web.Tests", "Diggity.Web.Tests\Diggity.Web.Tests.csproj", "{FE04637C-0476-4D4E-9C25-FBC98804884E}"
EndProject
Project("{2150E333-8FDC-42A3-9474-1A3956D46DE8}") = "Source", "Source", "{18B39095-96AB-4BCC-AA6E-E632C3FD804F}"
EndProject
Project("{2150E333-8FDC-42A3-9474-1A3956D46DE8}") = "Tests", "Tests", "{48403F7B-8977-46E2-A1BE-8873BE449C79}"
EndProject
Project("{2150E333-8FDC-42A3-9474-1A3956D46DE8}") = "Data Access", "Data Access", "{02B4EDB2-33A5-4FC2-8DF6-680FBF8BEB26}"
EndProject
Project("{2150E333-8FDC-42A3-9474-1A3956D46DE8}") = "Infrastructure", "Infrastructure", "{31C8948D-8886-4347-9C47-D583273927A7}"
EndProject
Project("{2150E333-8FDC-42A3-9474-1A3956D46DE8}") = "Business Logic", "Business Logic", "{7762B9CA-418E-40DE-956C-AB9624A83D0E}"
EndProject
Project("{2150E333-8FDC-42A3-9474-1A3956D46DE8}") = "Presentation", "Presentation", "{75255849-AEBE-4DA4-8F68-57E0D4B6D3E5}"
EndProject
Project("{FAE04EC0-301F-11D3-BF4B-00C04F79EFBC}") = "Diggity.SQLExpress", "Diggity.SQLExpress\Diggity.SQLExpress.csproj", "{CF849EDE-C75F-418F-B685-1F51EE52ED59}"
EndProject
Project("{FAE04EC0-301F-11D3-BF4B-00C04F79EFBC}") = "Diggity.Database", "Diggity.Database\Diggity.Database.csproj", "{9C02DC1E-19A1-40FE-AE3B-3521BD6372B5}"
EndProject
Project("{FAE04EC0-301F-11D3-BF4B-00C04F79EFBC}") = "Diggity.Rules", "Diggity.Rules\Diggity.Rules.csproj", "{8558B9F1-80AC-44AF-945E-DDEDC04C7AF9}"
EndProject
Project("{FAE04EC0-301F-11D3-BF4B-00C04F79EFBC}") = "Diggity.Rules.Tests", "Diggity.Rules.Tests\Diggity.Rules.Tests.csproj", "{DD22B5C7-16FB-455A-8305-A1A804DD8024}"
EndProject
Project("{FAE04EC0-301F-11D3-BF4B-00C04F79EFBC}") = "Diggity.Services", "Diggity.Services\Diggity.Services.csproj", "{9F53B925-BB51-414C-8FBA-C8BBA74C8282}"
EndProject
Project("{FAE04EC0-301F-11D3-BF4B-00C04F79EFBC}") = "Diggity.Repository", "Diggity.Repository\Diggity.Repository.csproj", "{CD72BC12-A036-4B06-94C8-5B1B24496829}"
EndProject
Project("{FAE04EC0-301F-11D3-BF4B-00C04F79EFBC}") = "Diggity.IOC", "Diggity.IOC\Diggity.IOC.csproj", "{FA1E9ECF-261A-4CB2-B328-409420683646}"
EndProject
Project("{FAE04EC0-301F-11D3-BF4B-00C04F79EFBC}") = "Diggity.WebApi", "Diggity.WebApi\Diggity.WebApi.csproj", "{7535F666-65DA-4F12-9240-8A7D423E24E5}"
EndProject
Project("{2150E333-8FDC-42A3-9474-1A3956D46DE8}") = "Web API", "Web API", "{1B7C7874-1FF7-4DAE-A7B7-502650E35794}"
EndProject
Project("{FAE04EC0-301F-11D3-BF4B-00C04F79EFBC}") = "Diggity.WebApi.Tests", "Diggity.WebApi.Tests\Diggity.WebApi.Tests.csproj", "{79D1BFFE-5F8C-40F3-A2D4-F0553D1462C6}"
EndProject
Project("{FAE04EC0-301F-11D3-BF4B-00C04F79EFBC}") = "Diggity.Services.Tests", "Diggity.Services.Tests\Diggity.Services.Tests.csproj", "{B3832E0B-949E-44EE-89E1-053B7790B41A}"
EndProject
Project("{FAE04EC0-301F-11D3-BF4B-00C04F79EFBC}") = "Diggity.Repository.Tests", "Diggity.Repository.Tests\Diggity.Repository.Tests.csproj", "{54C977BD-C93D-4C01-8C00-7D54E9E405AD}"
EndProject
Project("{FAE04EC0-301F-11D3-BF4B-00C04F79EFBC}") = "Diggity.Security", "Diggity.Security\Diggity.Security.csproj", "{4BBB5517-1FD5-4248-89F0-F077B528103B}"
EndProject
Global
	GlobalSection(SolutionConfigurationPlatforms) = preSolution
		Debug|Any CPU = Debug|Any CPU
		Debug|Mixed Platforms = Debug|Mixed Platforms
		Debug|x86 = Debug|x86
		Deploy-Test|Any CPU = Deploy-Test|Any CPU
		Deploy-Test|Mixed Platforms = Deploy-Test|Mixed Platforms
		Deploy-Test|x86 = Deploy-Test|x86
		Development|Any CPU = Development|Any CPU
		Development|Mixed Platforms = Development|Mixed Platforms
		Development|x86 = Development|x86
		Release|Any CPU = Release|Any CPU
		Release|Mixed Platforms = Release|Mixed Platforms
		Release|x86 = Release|x86
	EndGlobalSection
	GlobalSection(ProjectConfigurationPlatforms) = postSolution
		{BA2C7BF6-923D-499D-99C5-3E3CEB4661FA}.Debug|Any CPU.ActiveCfg = Debug|Any CPU
		{BA2C7BF6-923D-499D-99C5-3E3CEB4661FA}.Debug|Any CPU.Build.0 = Debug|Any CPU
		{BA2C7BF6-923D-499D-99C5-3E3CEB4661FA}.Debug|Mixed Platforms.ActiveCfg = Debug|Any CPU
		{BA2C7BF6-923D-499D-99C5-3E3CEB4661FA}.Debug|x86.ActiveCfg = Debug|Any CPU
		{BA2C7BF6-923D-499D-99C5-3E3CEB4661FA}.Deploy-Test|Any CPU.ActiveCfg = Debug|Any CPU
		{BA2C7BF6-923D-499D-99C5-3E3CEB4661FA}.Deploy-Test|Mixed Platforms.ActiveCfg = Debug|Any CPU
		{BA2C7BF6-923D-499D-99C5-3E3CEB4661FA}.Deploy-Test|x86.ActiveCfg = Debug|Any CPU
		{BA2C7BF6-923D-499D-99C5-3E3CEB4661FA}.Development|Any CPU.ActiveCfg = Debug|Any CPU
		{BA2C7BF6-923D-499D-99C5-3E3CEB4661FA}.Development|Mixed Platforms.ActiveCfg = Debug|Any CPU
		{BA2C7BF6-923D-499D-99C5-3E3CEB4661FA}.Development|x86.ActiveCfg = Debug|Any CPU
		{BA2C7BF6-923D-499D-99C5-3E3CEB4661FA}.Release|Any CPU.ActiveCfg = Release|Any CPU
		{BA2C7BF6-923D-499D-99C5-3E3CEB4661FA}.Release|Any CPU.Build.0 = Release|Any CPU
		{BA2C7BF6-923D-499D-99C5-3E3CEB4661FA}.Release|Mixed Platforms.ActiveCfg = Release|Any CPU
		{BA2C7BF6-923D-499D-99C5-3E3CEB4661FA}.Release|x86.ActiveCfg = Release|Any CPU
		{3D4C99D0-B91F-403E-A2BC-1D41C1636717}.Debug|Any CPU.ActiveCfg = Debug|Any CPU
		{3D4C99D0-B91F-403E-A2BC-1D41C1636717}.Debug|Any CPU.Build.0 = Debug|Any CPU
		{3D4C99D0-B91F-403E-A2BC-1D41C1636717}.Debug|Mixed Platforms.ActiveCfg = Debug|Any CPU
		{3D4C99D0-B91F-403E-A2BC-1D41C1636717}.Debug|x86.ActiveCfg = Debug|Any CPU
		{3D4C99D0-B91F-403E-A2BC-1D41C1636717}.Deploy-Test|Any CPU.ActiveCfg = Debug|Any CPU
		{3D4C99D0-B91F-403E-A2BC-1D41C1636717}.Deploy-Test|Mixed Platforms.ActiveCfg = Debug|Any CPU
		{3D4C99D0-B91F-403E-A2BC-1D41C1636717}.Deploy-Test|x86.ActiveCfg = Debug|Any CPU
		{3D4C99D0-B91F-403E-A2BC-1D41C1636717}.Development|Any CPU.ActiveCfg = Debug|Any CPU
		{3D4C99D0-B91F-403E-A2BC-1D41C1636717}.Development|Mixed Platforms.ActiveCfg = Debug|Any CPU
		{3D4C99D0-B91F-403E-A2BC-1D41C1636717}.Development|x86.ActiveCfg = Debug|Any CPU
		{3D4C99D0-B91F-403E-A2BC-1D41C1636717}.Release|Any CPU.ActiveCfg = Release|Any CPU
		{3D4C99D0-B91F-403E-A2BC-1D41C1636717}.Release|Any CPU.Build.0 = Release|Any CPU
		{3D4C99D0-B91F-403E-A2BC-1D41C1636717}.Release|Mixed Platforms.ActiveCfg = Release|Any CPU
		{3D4C99D0-B91F-403E-A2BC-1D41C1636717}.Release|x86.ActiveCfg = Release|Any CPU
		{FE04637C-0476-4D4E-9C25-FBC98804884E}.Debug|Any CPU.ActiveCfg = Debug|Any CPU
		{FE04637C-0476-4D4E-9C25-FBC98804884E}.Debug|Any CPU.Build.0 = Debug|Any CPU
		{FE04637C-0476-4D4E-9C25-FBC98804884E}.Debug|Mixed Platforms.ActiveCfg = Debug|Any CPU
		{FE04637C-0476-4D4E-9C25-FBC98804884E}.Debug|x86.ActiveCfg = Debug|Any CPU
		{FE04637C-0476-4D4E-9C25-FBC98804884E}.Deploy-Test|Any CPU.ActiveCfg = Debug|Any CPU
		{FE04637C-0476-4D4E-9C25-FBC98804884E}.Deploy-Test|Mixed Platforms.ActiveCfg = Debug|Any CPU
		{FE04637C-0476-4D4E-9C25-FBC98804884E}.Deploy-Test|x86.ActiveCfg = Debug|Any CPU
		{FE04637C-0476-4D4E-9C25-FBC98804884E}.Development|Any CPU.ActiveCfg = Debug|Any CPU
		{FE04637C-0476-4D4E-9C25-FBC98804884E}.Development|Mixed Platforms.ActiveCfg = Debug|Any CPU
		{FE04637C-0476-4D4E-9C25-FBC98804884E}.Development|x86.ActiveCfg = Debug|Any CPU
		{FE04637C-0476-4D4E-9C25-FBC98804884E}.Release|Any CPU.ActiveCfg = Release|Any CPU
		{FE04637C-0476-4D4E-9C25-FBC98804884E}.Release|Any CPU.Build.0 = Release|Any CPU
		{FE04637C-0476-4D4E-9C25-FBC98804884E}.Release|Mixed Platforms.ActiveCfg = Release|Any CPU
		{FE04637C-0476-4D4E-9C25-FBC98804884E}.Release|x86.ActiveCfg = Release|Any CPU
		{CF849EDE-C75F-418F-B685-1F51EE52ED59}.Debug|Any CPU.ActiveCfg = Debug|Any CPU
		{CF849EDE-C75F-418F-B685-1F51EE52ED59}.Debug|Any CPU.Build.0 = Debug|Any CPU
		{CF849EDE-C75F-418F-B685-1F51EE52ED59}.Debug|Mixed Platforms.ActiveCfg = Debug|Any CPU
		{CF849EDE-C75F-418F-B685-1F51EE52ED59}.Debug|x86.ActiveCfg = Debug|Any CPU
		{CF849EDE-C75F-418F-B685-1F51EE52ED59}.Deploy-Test|Any CPU.ActiveCfg = Debug|Any CPU
		{CF849EDE-C75F-418F-B685-1F51EE52ED59}.Deploy-Test|Mixed Platforms.ActiveCfg = Debug|Any CPU
		{CF849EDE-C75F-418F-B685-1F51EE52ED59}.Deploy-Test|x86.ActiveCfg = Debug|Any CPU
		{CF849EDE-C75F-418F-B685-1F51EE52ED59}.Development|Any CPU.ActiveCfg = Debug|Any CPU
		{CF849EDE-C75F-418F-B685-1F51EE52ED59}.Development|Mixed Platforms.ActiveCfg = Debug|Any CPU
		{CF849EDE-C75F-418F-B685-1F51EE52ED59}.Development|x86.ActiveCfg = Debug|Any CPU
		{CF849EDE-C75F-418F-B685-1F51EE52ED59}.Release|Any CPU.ActiveCfg = Release|Any CPU
		{CF849EDE-C75F-418F-B685-1F51EE52ED59}.Release|Any CPU.Build.0 = Release|Any CPU
		{CF849EDE-C75F-418F-B685-1F51EE52ED59}.Release|Mixed Platforms.ActiveCfg = Release|Any CPU
		{CF849EDE-C75F-418F-B685-1F51EE52ED59}.Release|x86.ActiveCfg = Release|Any CPU
		{9C02DC1E-19A1-40FE-AE3B-3521BD6372B5}.Debug|Any CPU.ActiveCfg = Debug|Any CPU
		{9C02DC1E-19A1-40FE-AE3B-3521BD6372B5}.Debug|Any CPU.Build.0 = Debug|Any CPU
		{9C02DC1E-19A1-40FE-AE3B-3521BD6372B5}.Debug|Mixed Platforms.ActiveCfg = Debug|Any CPU
		{9C02DC1E-19A1-40FE-AE3B-3521BD6372B5}.Debug|x86.ActiveCfg = Debug|Any CPU
		{9C02DC1E-19A1-40FE-AE3B-3521BD6372B5}.Deploy-Test|Any CPU.ActiveCfg = Debug|Any CPU
		{9C02DC1E-19A1-40FE-AE3B-3521BD6372B5}.Deploy-Test|Mixed Platforms.ActiveCfg = Debug|Any CPU
		{9C02DC1E-19A1-40FE-AE3B-3521BD6372B5}.Deploy-Test|x86.ActiveCfg = Debug|Any CPU
		{9C02DC1E-19A1-40FE-AE3B-3521BD6372B5}.Development|Any CPU.ActiveCfg = Debug|Any CPU
		{9C02DC1E-19A1-40FE-AE3B-3521BD6372B5}.Development|Mixed Platforms.ActiveCfg = Debug|Any CPU
		{9C02DC1E-19A1-40FE-AE3B-3521BD6372B5}.Development|x86.ActiveCfg = Debug|Any CPU
		{9C02DC1E-19A1-40FE-AE3B-3521BD6372B5}.Release|Any CPU.ActiveCfg = Release|Any CPU
		{9C02DC1E-19A1-40FE-AE3B-3521BD6372B5}.Release|Any CPU.Build.0 = Release|Any CPU
		{9C02DC1E-19A1-40FE-AE3B-3521BD6372B5}.Release|Mixed Platforms.ActiveCfg = Release|Any CPU
		{9C02DC1E-19A1-40FE-AE3B-3521BD6372B5}.Release|x86.ActiveCfg = Release|Any CPU
		{8558B9F1-80AC-44AF-945E-DDEDC04C7AF9}.Debug|Any CPU.ActiveCfg = Debug|Any CPU
		{8558B9F1-80AC-44AF-945E-DDEDC04C7AF9}.Debug|Any CPU.Build.0 = Debug|Any CPU
		{8558B9F1-80AC-44AF-945E-DDEDC04C7AF9}.Debug|Mixed Platforms.ActiveCfg = Debug|Any CPU
		{8558B9F1-80AC-44AF-945E-DDEDC04C7AF9}.Debug|x86.ActiveCfg = Debug|Any CPU
		{8558B9F1-80AC-44AF-945E-DDEDC04C7AF9}.Deploy-Test|Any CPU.ActiveCfg = Debug|Any CPU
		{8558B9F1-80AC-44AF-945E-DDEDC04C7AF9}.Deploy-Test|Mixed Platforms.ActiveCfg = Debug|Any CPU
		{8558B9F1-80AC-44AF-945E-DDEDC04C7AF9}.Deploy-Test|x86.ActiveCfg = Debug|Any CPU
		{8558B9F1-80AC-44AF-945E-DDEDC04C7AF9}.Development|Any CPU.ActiveCfg = Debug|Any CPU
		{8558B9F1-80AC-44AF-945E-DDEDC04C7AF9}.Development|Mixed Platforms.ActiveCfg = Debug|Any CPU
		{8558B9F1-80AC-44AF-945E-DDEDC04C7AF9}.Development|x86.ActiveCfg = Debug|Any CPU
		{8558B9F1-80AC-44AF-945E-DDEDC04C7AF9}.Release|Any CPU.ActiveCfg = Release|Any CPU
		{8558B9F1-80AC-44AF-945E-DDEDC04C7AF9}.Release|Any CPU.Build.0 = Release|Any CPU
		{8558B9F1-80AC-44AF-945E-DDEDC04C7AF9}.Release|Mixed Platforms.ActiveCfg = Release|Any CPU
		{8558B9F1-80AC-44AF-945E-DDEDC04C7AF9}.Release|x86.ActiveCfg = Release|Any CPU
		{DD22B5C7-16FB-455A-8305-A1A804DD8024}.Debug|Any CPU.ActiveCfg = Debug|Any CPU
		{DD22B5C7-16FB-455A-8305-A1A804DD8024}.Debug|Any CPU.Build.0 = Debug|Any CPU
		{DD22B5C7-16FB-455A-8305-A1A804DD8024}.Debug|Mixed Platforms.ActiveCfg = Debug|Any CPU
		{DD22B5C7-16FB-455A-8305-A1A804DD8024}.Debug|x86.ActiveCfg = Debug|Any CPU
		{DD22B5C7-16FB-455A-8305-A1A804DD8024}.Deploy-Test|Any CPU.ActiveCfg = Debug|Any CPU
		{DD22B5C7-16FB-455A-8305-A1A804DD8024}.Deploy-Test|Mixed Platforms.ActiveCfg = Debug|Any CPU
		{DD22B5C7-16FB-455A-8305-A1A804DD8024}.Deploy-Test|x86.ActiveCfg = Debug|Any CPU
		{DD22B5C7-16FB-455A-8305-A1A804DD8024}.Development|Any CPU.ActiveCfg = Debug|Any CPU
		{DD22B5C7-16FB-455A-8305-A1A804DD8024}.Development|Mixed Platforms.ActiveCfg = Debug|Any CPU
		{DD22B5C7-16FB-455A-8305-A1A804DD8024}.Development|x86.ActiveCfg = Debug|Any CPU
		{DD22B5C7-16FB-455A-8305-A1A804DD8024}.Release|Any CPU.ActiveCfg = Release|Any CPU
		{DD22B5C7-16FB-455A-8305-A1A804DD8024}.Release|Any CPU.Build.0 = Release|Any CPU
		{DD22B5C7-16FB-455A-8305-A1A804DD8024}.Release|Mixed Platforms.ActiveCfg = Release|Any CPU
		{DD22B5C7-16FB-455A-8305-A1A804DD8024}.Release|x86.ActiveCfg = Release|Any CPU
		{9F53B925-BB51-414C-8FBA-C8BBA74C8282}.Debug|Any CPU.ActiveCfg = Debug|Any CPU
		{9F53B925-BB51-414C-8FBA-C8BBA74C8282}.Debug|Any CPU.Build.0 = Debug|Any CPU
		{9F53B925-BB51-414C-8FBA-C8BBA74C8282}.Debug|Mixed Platforms.ActiveCfg = Debug|Any CPU
		{9F53B925-BB51-414C-8FBA-C8BBA74C8282}.Debug|x86.ActiveCfg = Debug|Any CPU
		{9F53B925-BB51-414C-8FBA-C8BBA74C8282}.Deploy-Test|Any CPU.ActiveCfg = Debug|Any CPU
		{9F53B925-BB51-414C-8FBA-C8BBA74C8282}.Deploy-Test|Mixed Platforms.ActiveCfg = Debug|Any CPU
		{9F53B925-BB51-414C-8FBA-C8BBA74C8282}.Deploy-Test|x86.ActiveCfg = Debug|Any CPU
		{9F53B925-BB51-414C-8FBA-C8BBA74C8282}.Development|Any CPU.ActiveCfg = Debug|Any CPU
		{9F53B925-BB51-414C-8FBA-C8BBA74C8282}.Development|Mixed Platforms.ActiveCfg = Debug|Any CPU
		{9F53B925-BB51-414C-8FBA-C8BBA74C8282}.Development|x86.ActiveCfg = Debug|Any CPU
		{9F53B925-BB51-414C-8FBA-C8BBA74C8282}.Release|Any CPU.ActiveCfg = Release|Any CPU
		{9F53B925-BB51-414C-8FBA-C8BBA74C8282}.Release|Any CPU.Build.0 = Release|Any CPU
		{9F53B925-BB51-414C-8FBA-C8BBA74C8282}.Release|Mixed Platforms.ActiveCfg = Release|Any CPU
		{9F53B925-BB51-414C-8FBA-C8BBA74C8282}.Release|x86.ActiveCfg = Release|Any CPU
		{CD72BC12-A036-4B06-94C8-5B1B24496829}.Debug|Any CPU.ActiveCfg = Debug|Any CPU
		{CD72BC12-A036-4B06-94C8-5B1B24496829}.Debug|Any CPU.Build.0 = Debug|Any CPU
		{CD72BC12-A036-4B06-94C8-5B1B24496829}.Debug|Mixed Platforms.ActiveCfg = Debug|Any CPU
		{CD72BC12-A036-4B06-94C8-5B1B24496829}.Debug|x86.ActiveCfg = Debug|Any CPU
		{CD72BC12-A036-4B06-94C8-5B1B24496829}.Deploy-Test|Any CPU.ActiveCfg = Debug|Any CPU
		{CD72BC12-A036-4B06-94C8-5B1B24496829}.Deploy-Test|Mixed Platforms.ActiveCfg = Debug|Any CPU
		{CD72BC12-A036-4B06-94C8-5B1B24496829}.Deploy-Test|x86.ActiveCfg = Debug|Any CPU
		{CD72BC12-A036-4B06-94C8-5B1B24496829}.Development|Any CPU.ActiveCfg = Debug|Any CPU
		{CD72BC12-A036-4B06-94C8-5B1B24496829}.Development|Mixed Platforms.ActiveCfg = Debug|Any CPU
		{CD72BC12-A036-4B06-94C8-5B1B24496829}.Development|x86.ActiveCfg = Debug|Any CPU
		{CD72BC12-A036-4B06-94C8-5B1B24496829}.Release|Any CPU.ActiveCfg = Release|Any CPU
		{CD72BC12-A036-4B06-94C8-5B1B24496829}.Release|Any CPU.Build.0 = Release|Any CPU
		{CD72BC12-A036-4B06-94C8-5B1B24496829}.Release|Mixed Platforms.ActiveCfg = Release|Any CPU
		{CD72BC12-A036-4B06-94C8-5B1B24496829}.Release|x86.ActiveCfg = Release|Any CPU
		{FA1E9ECF-261A-4CB2-B328-409420683646}.Debug|Any CPU.ActiveCfg = Debug|Any CPU
		{FA1E9ECF-261A-4CB2-B328-409420683646}.Debug|Any CPU.Build.0 = Debug|Any CPU
		{FA1E9ECF-261A-4CB2-B328-409420683646}.Debug|Mixed Platforms.ActiveCfg = Debug|Any CPU
		{FA1E9ECF-261A-4CB2-B328-409420683646}.Debug|x86.ActiveCfg = Debug|Any CPU
		{FA1E9ECF-261A-4CB2-B328-409420683646}.Deploy-Test|Any CPU.ActiveCfg = Debug|Any CPU
		{FA1E9ECF-261A-4CB2-B328-409420683646}.Deploy-Test|Mixed Platforms.ActiveCfg = Debug|Any CPU
		{FA1E9ECF-261A-4CB2-B328-409420683646}.Deploy-Test|x86.ActiveCfg = Debug|Any CPU
		{FA1E9ECF-261A-4CB2-B328-409420683646}.Development|Any CPU.ActiveCfg = Debug|Any CPU
		{FA1E9ECF-261A-4CB2-B328-409420683646}.Development|Mixed Platforms.ActiveCfg = Debug|Any CPU
		{FA1E9ECF-261A-4CB2-B328-409420683646}.Development|x86.ActiveCfg = Debug|Any CPU
		{FA1E9ECF-261A-4CB2-B328-409420683646}.Release|Any CPU.ActiveCfg = Release|Any CPU
		{FA1E9ECF-261A-4CB2-B328-409420683646}.Release|Any CPU.Build.0 = Release|Any CPU
		{FA1E9ECF-261A-4CB2-B328-409420683646}.Release|Mixed Platforms.ActiveCfg = Release|Any CPU
		{FA1E9ECF-261A-4CB2-B328-409420683646}.Release|x86.ActiveCfg = Release|Any CPU
		{7535F666-65DA-4F12-9240-8A7D423E24E5}.Debug|Any CPU.ActiveCfg = Debug|Any CPU
		{7535F666-65DA-4F12-9240-8A7D423E24E5}.Debug|Any CPU.Build.0 = Debug|Any CPU
		{7535F666-65DA-4F12-9240-8A7D423E24E5}.Debug|Mixed Platforms.ActiveCfg = Debug|Any CPU
		{7535F666-65DA-4F12-9240-8A7D423E24E5}.Debug|x86.ActiveCfg = Debug|Any CPU
		{7535F666-65DA-4F12-9240-8A7D423E24E5}.Deploy-Test|Any CPU.ActiveCfg = Debug|Any CPU
		{7535F666-65DA-4F12-9240-8A7D423E24E5}.Deploy-Test|Mixed Platforms.ActiveCfg = Debug|Any CPU
		{7535F666-65DA-4F12-9240-8A7D423E24E5}.Deploy-Test|x86.ActiveCfg = Debug|Any CPU
		{7535F666-65DA-4F12-9240-8A7D423E24E5}.Development|Any CPU.ActiveCfg = Debug|Any CPU
		{7535F666-65DA-4F12-9240-8A7D423E24E5}.Development|Mixed Platforms.ActiveCfg = Debug|Any CPU
		{7535F666-65DA-4F12-9240-8A7D423E24E5}.Development|x86.ActiveCfg = Debug|Any CPU
		{7535F666-65DA-4F12-9240-8A7D423E24E5}.Release|Any CPU.ActiveCfg = Release|Any CPU
		{7535F666-65DA-4F12-9240-8A7D423E24E5}.Release|Any CPU.Build.0 = Release|Any CPU
		{7535F666-65DA-4F12-9240-8A7D423E24E5}.Release|Mixed Platforms.ActiveCfg = Release|Any CPU
		{7535F666-65DA-4F12-9240-8A7D423E24E5}.Release|x86.ActiveCfg = Release|Any CPU
		{79D1BFFE-5F8C-40F3-A2D4-F0553D1462C6}.Debug|Any CPU.ActiveCfg = Debug|Any CPU
		{79D1BFFE-5F8C-40F3-A2D4-F0553D1462C6}.Debug|Any CPU.Build.0 = Debug|Any CPU
		{79D1BFFE-5F8C-40F3-A2D4-F0553D1462C6}.Debug|Mixed Platforms.ActiveCfg = Debug|Any CPU
		{79D1BFFE-5F8C-40F3-A2D4-F0553D1462C6}.Debug|x86.ActiveCfg = Debug|Any CPU
		{79D1BFFE-5F8C-40F3-A2D4-F0553D1462C6}.Deploy-Test|Any CPU.ActiveCfg = Debug|Any CPU
		{79D1BFFE-5F8C-40F3-A2D4-F0553D1462C6}.Deploy-Test|Mixed Platforms.ActiveCfg = Debug|Any CPU
		{79D1BFFE-5F8C-40F3-A2D4-F0553D1462C6}.Deploy-Test|x86.ActiveCfg = Debug|Any CPU
		{79D1BFFE-5F8C-40F3-A2D4-F0553D1462C6}.Development|Any CPU.ActiveCfg = Debug|Any CPU
		{79D1BFFE-5F8C-40F3-A2D4-F0553D1462C6}.Development|Mixed Platforms.ActiveCfg = Debug|Any CPU
		{79D1BFFE-5F8C-40F3-A2D4-F0553D1462C6}.Development|x86.ActiveCfg = Debug|Any CPU
		{79D1BFFE-5F8C-40F3-A2D4-F0553D1462C6}.Release|Any CPU.ActiveCfg = Release|Any CPU
		{79D1BFFE-5F8C-40F3-A2D4-F0553D1462C6}.Release|Any CPU.Build.0 = Release|Any CPU
		{79D1BFFE-5F8C-40F3-A2D4-F0553D1462C6}.Release|Mixed Platforms.ActiveCfg = Release|Any CPU
		{79D1BFFE-5F8C-40F3-A2D4-F0553D1462C6}.Release|x86.ActiveCfg = Release|Any CPU
		{B3832E0B-949E-44EE-89E1-053B7790B41A}.Debug|Any CPU.ActiveCfg = Debug|Any CPU
		{B3832E0B-949E-44EE-89E1-053B7790B41A}.Debug|Any CPU.Build.0 = Debug|Any CPU
		{B3832E0B-949E-44EE-89E1-053B7790B41A}.Debug|Mixed Platforms.ActiveCfg = Debug|Any CPU
		{B3832E0B-949E-44EE-89E1-053B7790B41A}.Debug|x86.ActiveCfg = Debug|Any CPU
		{B3832E0B-949E-44EE-89E1-053B7790B41A}.Deploy-Test|Any CPU.ActiveCfg = Debug|Any CPU
		{B3832E0B-949E-44EE-89E1-053B7790B41A}.Deploy-Test|Mixed Platforms.ActiveCfg = Debug|Any CPU
		{B3832E0B-949E-44EE-89E1-053B7790B41A}.Deploy-Test|x86.ActiveCfg = Debug|Any CPU
		{B3832E0B-949E-44EE-89E1-053B7790B41A}.Development|Any CPU.ActiveCfg = Debug|Any CPU
		{B3832E0B-949E-44EE-89E1-053B7790B41A}.Development|Mixed Platforms.ActiveCfg = Debug|Any CPU
		{B3832E0B-949E-44EE-89E1-053B7790B41A}.Development|x86.ActiveCfg = Debug|Any CPU
		{B3832E0B-949E-44EE-89E1-053B7790B41A}.Release|Any CPU.ActiveCfg = Release|Any CPU
		{B3832E0B-949E-44EE-89E1-053B7790B41A}.Release|Any CPU.Build.0 = Release|Any CPU
		{B3832E0B-949E-44EE-89E1-053B7790B41A}.Release|Mixed Platforms.ActiveCfg = Release|Any CPU
		{B3832E0B-949E-44EE-89E1-053B7790B41A}.Release|x86.ActiveCfg = Release|Any CPU
		{54C977BD-C93D-4C01-8C00-7D54E9E405AD}.Debug|Any CPU.ActiveCfg = Debug|Any CPU
		{54C977BD-C93D-4C01-8C00-7D54E9E405AD}.Debug|Any CPU.Build.0 = Debug|Any CPU
		{54C977BD-C93D-4C01-8C00-7D54E9E405AD}.Debug|Mixed Platforms.ActiveCfg = Debug|Any CPU
		{54C977BD-C93D-4C01-8C00-7D54E9E405AD}.Debug|x86.ActiveCfg = Debug|Any CPU
		{54C977BD-C93D-4C01-8C00-7D54E9E405AD}.Deploy-Test|Any CPU.ActiveCfg = Debug|Any CPU
		{54C977BD-C93D-4C01-8C00-7D54E9E405AD}.Deploy-Test|Mixed Platforms.ActiveCfg = Debug|Any CPU
		{54C977BD-C93D-4C01-8C00-7D54E9E405AD}.Deploy-Test|x86.ActiveCfg = Debug|Any CPU
		{54C977BD-C93D-4C01-8C00-7D54E9E405AD}.Development|Any CPU.ActiveCfg = Debug|Any CPU
		{54C977BD-C93D-4C01-8C00-7D54E9E405AD}.Development|Mixed Platforms.ActiveCfg = Debug|Any CPU
		{54C977BD-C93D-4C01-8C00-7D54E9E405AD}.Development|x86.ActiveCfg = Debug|Any CPU
		{54C977BD-C93D-4C01-8C00-7D54E9E405AD}.Release|Any CPU.ActiveCfg = Release|Any CPU
		{54C977BD-C93D-4C01-8C00-7D54E9E405AD}.Release|Any CPU.Build.0 = Release|Any CPU
		{54C977BD-C93D-4C01-8C00-7D54E9E405AD}.Release|Mixed Platforms.ActiveCfg = Release|Any CPU
		{54C977BD-C93D-4C01-8C00-7D54E9E405AD}.Release|x86.ActiveCfg = Release|Any CPU
		{4BBB5517-1FD5-4248-89F0-F077B528103B}.Debug|Any CPU.ActiveCfg = Debug|Any CPU
		{4BBB5517-1FD5-4248-89F0-F077B528103B}.Debug|Any CPU.Build.0 = Debug|Any CPU
		{4BBB5517-1FD5-4248-89F0-F077B528103B}.Debug|Mixed Platforms.ActiveCfg = Debug|Any CPU
		{4BBB5517-1FD5-4248-89F0-F077B528103B}.Debug|x86.ActiveCfg = Debug|Any CPU
		{4BBB5517-1FD5-4248-89F0-F077B528103B}.Deploy-Test|Any CPU.ActiveCfg = Debug|Any CPU
		{4BBB5517-1FD5-4248-89F0-F077B528103B}.Deploy-Test|Mixed Platforms.ActiveCfg = Debug|Any CPU
		{4BBB5517-1FD5-4248-89F0-F077B528103B}.Deploy-Test|x86.ActiveCfg = Debug|Any CPU
		{4BBB5517-1FD5-4248-89F0-F077B528103B}.Development|Any CPU.ActiveCfg = Debug|Any CPU
		{4BBB5517-1FD5-4248-89F0-F077B528103B}.Development|Mixed Platforms.ActiveCfg = Debug|Any CPU
		{4BBB5517-1FD5-4248-89F0-F077B528103B}.Development|x86.ActiveCfg = Debug|Any CPU
		{4BBB5517-1FD5-4248-89F0-F077B528103B}.Release|Any CPU.ActiveCfg = Release|Any CPU
		{4BBB5517-1FD5-4248-89F0-F077B528103B}.Release|Any CPU.Build.0 = Release|Any CPU
		{4BBB5517-1FD5-4248-89F0-F077B528103B}.Release|Mixed Platforms.ActiveCfg = Release|Any CPU
		{4BBB5517-1FD5-4248-89F0-F077B528103B}.Release|x86.ActiveCfg = Release|Any CPU
	EndGlobalSection
	GlobalSection(SolutionProperties) = preSolution
		HideSolutionNode = FALSE
	EndGlobalSection
	GlobalSection(NestedProjects) = preSolution
		{BA2C7BF6-923D-499D-99C5-3E3CEB4661FA} = {31C8948D-8886-4347-9C47-D583273927A7}
		{3D4C99D0-B91F-403E-A2BC-1D41C1636717} = {75255849-AEBE-4DA4-8F68-57E0D4B6D3E5}
		{FE04637C-0476-4D4E-9C25-FBC98804884E} = {48403F7B-8977-46E2-A1BE-8873BE449C79}
		{02B4EDB2-33A5-4FC2-8DF6-680FBF8BEB26} = {18B39095-96AB-4BCC-AA6E-E632C3FD804F}
		{31C8948D-8886-4347-9C47-D583273927A7} = {18B39095-96AB-4BCC-AA6E-E632C3FD804F}
		{7762B9CA-418E-40DE-956C-AB9624A83D0E} = {18B39095-96AB-4BCC-AA6E-E632C3FD804F}
		{75255849-AEBE-4DA4-8F68-57E0D4B6D3E5} = {18B39095-96AB-4BCC-AA6E-E632C3FD804F}
		{CF849EDE-C75F-418F-B685-1F51EE52ED59} = {02B4EDB2-33A5-4FC2-8DF6-680FBF8BEB26}
		{9C02DC1E-19A1-40FE-AE3B-3521BD6372B5} = {02B4EDB2-33A5-4FC2-8DF6-680FBF8BEB26}
		{8558B9F1-80AC-44AF-945E-DDEDC04C7AF9} = {7762B9CA-418E-40DE-956C-AB9624A83D0E}
		{DD22B5C7-16FB-455A-8305-A1A804DD8024} = {48403F7B-8977-46E2-A1BE-8873BE449C79}
		{9F53B925-BB51-414C-8FBA-C8BBA74C8282} = {7762B9CA-418E-40DE-956C-AB9624A83D0E}
		{CD72BC12-A036-4B06-94C8-5B1B24496829} = {02B4EDB2-33A5-4FC2-8DF6-680FBF8BEB26}
		{FA1E9ECF-261A-4CB2-B328-409420683646} = {31C8948D-8886-4347-9C47-D583273927A7}
		{7535F666-65DA-4F12-9240-8A7D423E24E5} = {1B7C7874-1FF7-4DAE-A7B7-502650E35794}
		{1B7C7874-1FF7-4DAE-A7B7-502650E35794} = {18B39095-96AB-4BCC-AA6E-E632C3FD804F}
		{79D1BFFE-5F8C-40F3-A2D4-F0553D1462C6} = {48403F7B-8977-46E2-A1BE-8873BE449C79}
		{B3832E0B-949E-44EE-89E1-053B7790B41A} = {48403F7B-8977-46E2-A1BE-8873BE449C79}
		{54C977BD-C93D-4C01-8C00-7D54E9E405AD} = {48403F7B-8977-46E2-A1BE-8873BE449C79}
		{4BBB5517-1FD5-4248-89F0-F077B528103B} = {31C8948D-8886-4347-9C47-D583273927A7}
	EndGlobalSection
EndGlobal
