
Microsoft Visual Studio Solution File, Format Version 12.00
# Visual Studio 2013
VisualStudioVersion = 12.0.30501.0
MinimumVisualStudioVersion = 10.0.40219.1
Project("{FAE04EC0-301F-11D3-BF4B-00C04F79EFBC}") = "Diggity", "Diggity\Diggity.csproj", "{BA2C7BF6-923D-499D-99C5-3E3CEB4661FA}"
EndProject
Project("{FAE04EC0-301F-11D3-BF4B-00C04F79EFBC}") = "Diggity.Web", "Diggity.Web\Diggity.Web.csproj", "{3D4C99D0-B91F-403E-A2BC-1D41C1636717}"
EndProject
Project("{FAE04EC0-301F-11D3-BF4B-00C04F79EFBC}") = "Diggity.Web.Tests", "Diggity.Web.Tests\Diggity.Web.Tests.csproj", "{FE04637C-0476-4D4E-9C25-FBC98804884E}"
EndProject
Project("{2150E333-8FDC-42A3-9474-1A3956D46DE8}") = "Source", "Source", "{18B39095-96AB-4BCC-AA6E-E632C3FD804F}"
EndProject
Project("{2150E333-8FDC-42A3-9474-1A3956D46DE8}") = "Tests", "Tests", "{48403F7B-8977-46E2-A1BE-8873BE449C79}"
EndProject
Project("{2150E333-8FDC-42A3-9474-1A3956D46DE8}") = "Data Access", "Data Access", "{02B4EDB2-33A5-4FC2-8DF6-680FBF8BEB26}"
EndProject
Project("{2150E333-8FDC-42A3-9474-1A3956D46DE8}") = "Infrastructure", "Infrastructure", "{31C8948D-8886-4347-9C47-D583273927A7}"
EndProject
Project("{2150E333-8FDC-42A3-9474-1A3956D46DE8}") = "Business Logic", "Business Logic", "{7762B9CA-418E-40DE-956C-AB9624A83D0E}"
EndProject
Project("{2150E333-8FDC-42A3-9474-1A3956D46DE8}") = "Presentation", "Presentation", "{75255849-AEBE-4DA4-8F68-57E0D4B6D3E5}"
EndProject
Project("{FAE04EC0-301F-11D3-BF4B-00C04F79EFBC}") = "Diggity.SQLExpress", "Diggity.SQLExpress\Diggity.SQLExpress.csproj", "{CF849EDE-C75F-418F-B685-1F51EE52ED59}"
EndProject
Project("{FAE04EC0-301F-11D3-BF4B-00C04F79EFBC}") = "Diggity.Database", "Diggity.Database\Diggity.Database.csproj", "{9C02DC1E-19A1-40FE-AE3B-3521BD6372B5}"
EndProject
Project("{FAE04EC0-301F-11D3-BF4B-00C04F79EFBC}") = "Diggity.Entities", "Diggity.Entities\Diggity.Entities.csproj", "{707B16A3-451E-4171-A0E4-E07EA2E9075B}"
EndProject
Project("{FAE04EC0-301F-11D3-BF4B-00C04F79EFBC}") = "Diggity.Rules", "Diggity.Rules\Diggity.Rules.csproj", "{8558B9F1-80AC-44AF-945E-DDEDC04C7AF9}"
EndProject
Project("{FAE04EC0-301F-11D3-BF4B-00C04F79EFBC}") = "Diggity.Rules.Tests", "Diggity.Rules.Tests\Diggity.Rules.Tests.csproj", "{DD22B5C7-16FB-455A-8305-A1A804DD8024}"
EndProject
Project("{FAE04EC0-301F-11D3-BF4B-00C04F79EFBC}") = "Diggity.Services", "Diggity.Services\Diggity.Services.csproj", "{9F53B925-BB51-414C-8FBA-C8BBA74C8282}"
EndProject
Project("{FAE04EC0-301F-11D3-BF4B-00C04F79EFBC}") = "Diggity.Repository", "Diggity.Repository\Diggity.Repository.csproj", "{CD72BC12-A036-4B06-94C8-5B1B24496829}"
EndProject
Global
	GlobalSection(SolutionConfigurationPlatforms) = preSolution
		Debug|Any CPU = Debug|Any CPU
		Release|Any CPU = Release|Any CPU
	EndGlobalSection
	GlobalSection(ProjectConfigurationPlatforms) = postSolution
		{BA2C7BF6-923D-499D-99C5-3E3CEB4661FA}.Debug|Any CPU.ActiveCfg = Debug|Any CPU
		{BA2C7BF6-923D-499D-99C5-3E3CEB4661FA}.Debug|Any CPU.Build.0 = Debug|Any CPU
		{BA2C7BF6-923D-499D-99C5-3E3CEB4661FA}.Release|Any CPU.ActiveCfg = Release|Any CPU
		{BA2C7BF6-923D-499D-99C5-3E3CEB4661FA}.Release|Any CPU.Build.0 = Release|Any CPU
		{3D4C99D0-B91F-403E-A2BC-1D41C1636717}.Debug|Any CPU.ActiveCfg = Debug|Any CPU
		{3D4C99D0-B91F-403E-A2BC-1D41C1636717}.Debug|Any CPU.Build.0 = Debug|Any CPU
		{3D4C99D0-B91F-403E-A2BC-1D41C1636717}.Release|Any CPU.ActiveCfg = Release|Any CPU
		{3D4C99D0-B91F-403E-A2BC-1D41C1636717}.Release|Any CPU.Build.0 = Release|Any CPU
		{FE04637C-0476-4D4E-9C25-FBC98804884E}.Debug|Any CPU.ActiveCfg = Debug|Any CPU
		{FE04637C-0476-4D4E-9C25-FBC98804884E}.Debug|Any CPU.Build.0 = Debug|Any CPU
		{FE04637C-0476-4D4E-9C25-FBC98804884E}.Release|Any CPU.ActiveCfg = Release|Any CPU
		{FE04637C-0476-4D4E-9C25-FBC98804884E}.Release|Any CPU.Build.0 = Release|Any CPU
		{CF849EDE-C75F-418F-B685-1F51EE52ED59}.Debug|Any CPU.ActiveCfg = Debug|Any CPU
		{CF849EDE-C75F-418F-B685-1F51EE52ED59}.Debug|Any CPU.Build.0 = Debug|Any CPU
		{CF849EDE-C75F-418F-B685-1F51EE52ED59}.Release|Any CPU.ActiveCfg = Release|Any CPU
		{CF849EDE-C75F-418F-B685-1F51EE52ED59}.Release|Any CPU.Build.0 = Release|Any CPU
		{9C02DC1E-19A1-40FE-AE3B-3521BD6372B5}.Debug|Any CPU.ActiveCfg = Debug|Any CPU
		{9C02DC1E-19A1-40FE-AE3B-3521BD6372B5}.Debug|Any CPU.Build.0 = Debug|Any CPU
		{9C02DC1E-19A1-40FE-AE3B-3521BD6372B5}.Release|Any CPU.ActiveCfg = Release|Any CPU
		{9C02DC1E-19A1-40FE-AE3B-3521BD6372B5}.Release|Any CPU.Build.0 = Release|Any CPU
		{707B16A3-451E-4171-A0E4-E07EA2E9075B}.Debug|Any CPU.ActiveCfg = Debug|Any CPU
		{707B16A3-451E-4171-A0E4-E07EA2E9075B}.Debug|Any CPU.Build.0 = Debug|Any CPU
		{707B16A3-451E-4171-A0E4-E07EA2E9075B}.Release|Any CPU.ActiveCfg = Release|Any CPU
		{707B16A3-451E-4171-A0E4-E07EA2E9075B}.Release|Any CPU.Build.0 = Release|Any CPU
		{8558B9F1-80AC-44AF-945E-DDEDC04C7AF9}.Debug|Any CPU.ActiveCfg = Debug|Any CPU
		{8558B9F1-80AC-44AF-945E-DDEDC04C7AF9}.Debug|Any CPU.Build.0 = Debug|Any CPU
		{8558B9F1-80AC-44AF-945E-DDEDC04C7AF9}.Release|Any CPU.ActiveCfg = Release|Any CPU
		{8558B9F1-80AC-44AF-945E-DDEDC04C7AF9}.Release|Any CPU.Build.0 = Release|Any CPU
		{DD22B5C7-16FB-455A-8305-A1A804DD8024}.Debug|Any CPU.ActiveCfg = Debug|Any CPU
		{DD22B5C7-16FB-455A-8305-A1A804DD8024}.Debug|Any CPU.Build.0 = Debug|Any CPU
		{DD22B5C7-16FB-455A-8305-A1A804DD8024}.Release|Any CPU.ActiveCfg = Release|Any CPU
		{DD22B5C7-16FB-455A-8305-A1A804DD8024}.Release|Any CPU.Build.0 = Release|Any CPU
		{9F53B925-BB51-414C-8FBA-C8BBA74C8282}.Debug|Any CPU.ActiveCfg = Debug|Any CPU
		{9F53B925-BB51-414C-8FBA-C8BBA74C8282}.Debug|Any CPU.Build.0 = Debug|Any CPU
		{9F53B925-BB51-414C-8FBA-C8BBA74C8282}.Release|Any CPU.ActiveCfg = Release|Any CPU
		{9F53B925-BB51-414C-8FBA-C8BBA74C8282}.Release|Any CPU.Build.0 = Release|Any CPU
		{CD72BC12-A036-4B06-94C8-5B1B24496829}.Debug|Any CPU.ActiveCfg = Debug|Any CPU
		{CD72BC12-A036-4B06-94C8-5B1B24496829}.Debug|Any CPU.Build.0 = Debug|Any CPU
		{CD72BC12-A036-4B06-94C8-5B1B24496829}.Release|Any CPU.ActiveCfg = Release|Any CPU
		{CD72BC12-A036-4B06-94C8-5B1B24496829}.Release|Any CPU.Build.0 = Release|Any CPU
	EndGlobalSection
	GlobalSection(SolutionProperties) = preSolution
		HideSolutionNode = FALSE
	EndGlobalSection
	GlobalSection(NestedProjects) = preSolution
		{BA2C7BF6-923D-499D-99C5-3E3CEB4661FA} = {31C8948D-8886-4347-9C47-D583273927A7}
		{3D4C99D0-B91F-403E-A2BC-1D41C1636717} = {75255849-AEBE-4DA4-8F68-57E0D4B6D3E5}
		{FE04637C-0476-4D4E-9C25-FBC98804884E} = {48403F7B-8977-46E2-A1BE-8873BE449C79}
		{02B4EDB2-33A5-4FC2-8DF6-680FBF8BEB26} = {18B39095-96AB-4BCC-AA6E-E632C3FD804F}
		{31C8948D-8886-4347-9C47-D583273927A7} = {18B39095-96AB-4BCC-AA6E-E632C3FD804F}
		{7762B9CA-418E-40DE-956C-AB9624A83D0E} = {18B39095-96AB-4BCC-AA6E-E632C3FD804F}
		{75255849-AEBE-4DA4-8F68-57E0D4B6D3E5} = {18B39095-96AB-4BCC-AA6E-E632C3FD804F}
		{CF849EDE-C75F-418F-B685-1F51EE52ED59} = {02B4EDB2-33A5-4FC2-8DF6-680FBF8BEB26}
		{9C02DC1E-19A1-40FE-AE3B-3521BD6372B5} = {02B4EDB2-33A5-4FC2-8DF6-680FBF8BEB26}
		{707B16A3-451E-4171-A0E4-E07EA2E9075B} = {02B4EDB2-33A5-4FC2-8DF6-680FBF8BEB26}
		{8558B9F1-80AC-44AF-945E-DDEDC04C7AF9} = {7762B9CA-418E-40DE-956C-AB9624A83D0E}
		{DD22B5C7-16FB-455A-8305-A1A804DD8024} = {48403F7B-8977-46E2-A1BE-8873BE449C79}
		{9F53B925-BB51-414C-8FBA-C8BBA74C8282} = {7762B9CA-418E-40DE-956C-AB9624A83D0E}
		{CD72BC12-A036-4B06-94C8-5B1B24496829} = {02B4EDB2-33A5-4FC2-8DF6-680FBF8BEB26}
	EndGlobalSection
EndGlobal
